// !$*UTF8*$!
{
	archiveVersion = 1;
	classes = {
	};
	objectVersion = 55;
	objects = {

/* Begin PBXBuildFile section */
		984CEE4328425A4E002F49ED /* AppDelegate.swift in Sources */ = {isa = PBXBuildFile; fileRef = 984CEE4228425A4E002F49ED /* AppDelegate.swift */; };
		984CEE4528425A50002F49ED /* Assets.xcassets in Resources */ = {isa = PBXBuildFile; fileRef = 984CEE4428425A50002F49ED /* Assets.xcassets */; };
		984CEE4828425A50002F49ED /* MainMenu.xib in Resources */ = {isa = PBXBuildFile; fileRef = 984CEE4628425A50002F49ED /* MainMenu.xib */; };
		984CEE5328425A50002F49ED /* SecureMeTests.swift in Sources */ = {isa = PBXBuildFile; fileRef = 984CEE5228425A50002F49ED /* SecureMeTests.swift */; };
		984CEE5D28425A51002F49ED /* SecureMeUITests.swift in Sources */ = {isa = PBXBuildFile; fileRef = 984CEE5C28425A51002F49ED /* SecureMeUITests.swift */; };
		984CEE5F28425A51002F49ED /* SecureMeUITestsLaunchTests.swift in Sources */ = {isa = PBXBuildFile; fileRef = 984CEE5E28425A51002F49ED /* SecureMeUITestsLaunchTests.swift */; };
		984CEE6E28425B21002F49ED /* CameraViewController.swift in Sources */ = {isa = PBXBuildFile; fileRef = 984CEE6C28425B21002F49ED /* CameraViewController.swift */; };
		984CEE6F28425B21002F49ED /* CameraViewController.xib in Resources */ = {isa = PBXBuildFile; fileRef = 984CEE6D28425B21002F49ED /* CameraViewController.xib */; };
		984CEE712842E86E002F49ED /* Info.plist in Resources */ = {isa = PBXBuildFile; fileRef = 984CEE702842E7DB002F49ED /* Info.plist */; };
/* End PBXBuildFile section */

/* Begin PBXContainerItemProxy section */
		984CEE4F28425A50002F49ED /* PBXContainerItemProxy */ = {
			isa = PBXContainerItemProxy;
			containerPortal = 984CEE3728425A4E002F49ED /* Project object */;
			proxyType = 1;
			remoteGlobalIDString = 984CEE3E28425A4E002F49ED;
			remoteInfo = SecureMe;
		};
		984CEE5928425A51002F49ED /* PBXContainerItemProxy */ = {
			isa = PBXContainerItemProxy;
			containerPortal = 984CEE3728425A4E002F49ED /* Project object */;
			proxyType = 1;
			remoteGlobalIDString = 984CEE3E28425A4E002F49ED;
			remoteInfo = SecureMe;
		};
/* End PBXContainerItemProxy section */

/* Begin PBXFileReference section */
		984CEE3F28425A4E002F49ED /* SecureMe.app */ = {isa = PBXFileReference; explicitFileType = wrapper.application; includeInIndex = 0; path = SecureMe.app; sourceTree = BUILT_PRODUCTS_DIR; };
		984CEE4228425A4E002F49ED /* AppDelegate.swift */ = {isa = PBXFileReference; lastKnownFileType = sourcecode.swift; path = AppDelegate.swift; sourceTree = "<group>"; };
		984CEE4428425A50002F49ED /* Assets.xcassets */ = {isa = PBXFileReference; lastKnownFileType = folder.assetcatalog; path = Assets.xcassets; sourceTree = "<group>"; };
		984CEE4728425A50002F49ED /* Base */ = {isa = PBXFileReference; lastKnownFileType = file.xib; name = Base; path = Base.lproj/MainMenu.xib; sourceTree = "<group>"; };
		984CEE4928425A50002F49ED /* SecureMe.entitlements */ = {isa = PBXFileReference; lastKnownFileType = text.plist.entitlements; path = SecureMe.entitlements; sourceTree = "<group>"; };
		984CEE4E28425A50002F49ED /* SecureMeTests.xctest */ = {isa = PBXFileReference; explicitFileType = wrapper.cfbundle; includeInIndex = 0; path = SecureMeTests.xctest; sourceTree = BUILT_PRODUCTS_DIR; };
		984CEE5228425A50002F49ED /* SecureMeTests.swift */ = {isa = PBXFileReference; lastKnownFileType = sourcecode.swift; path = SecureMeTests.swift; sourceTree = "<group>"; };
		984CEE5828425A51002F49ED /* SecureMeUITests.xctest */ = {isa = PBXFileReference; explicitFileType = wrapper.cfbundle; includeInIndex = 0; path = SecureMeUITests.xctest; sourceTree = BUILT_PRODUCTS_DIR; };
		984CEE5C28425A51002F49ED /* SecureMeUITests.swift */ = {isa = PBXFileReference; lastKnownFileType = sourcecode.swift; path = SecureMeUITests.swift; sourceTree = "<group>"; };
		984CEE5E28425A51002F49ED /* SecureMeUITestsLaunchTests.swift */ = {isa = PBXFileReference; lastKnownFileType = sourcecode.swift; path = SecureMeUITestsLaunchTests.swift; sourceTree = "<group>"; };
		984CEE6C28425B21002F49ED /* CameraViewController.swift */ = {isa = PBXFileReference; lastKnownFileType = sourcecode.swift; path = CameraViewController.swift; sourceTree = "<group>"; };
		984CEE6D28425B21002F49ED /* CameraViewController.xib */ = {isa = PBXFileReference; lastKnownFileType = file.xib; path = CameraViewController.xib; sourceTree = "<group>"; };
		984CEE702842E7DB002F49ED /* Info.plist */ = {isa = PBXFileReference; lastKnownFileType = text.plist; path = Info.plist; sourceTree = "<group>"; };
/* End PBXFileReference section */

/* Begin PBXFrameworksBuildPhase section */
		984CEE3C28425A4E002F49ED /* Frameworks */ = {
			isa = PBXFrameworksBuildPhase;
			buildActionMask = 2147483647;
			files = (
			);
			runOnlyForDeploymentPostprocessing = 0;
		};
		984CEE4B28425A50002F49ED /* Frameworks */ = {
			isa = PBXFrameworksBuildPhase;
			buildActionMask = 2147483647;
			files = (
			);
			runOnlyForDeploymentPostprocessing = 0;
		};
		984CEE5528425A51002F49ED /* Frameworks */ = {
			isa = PBXFrameworksBuildPhase;
			buildActionMask = 2147483647;
			files = (
			);
			runOnlyForDeploymentPostprocessing = 0;
		};
/* End PBXFrameworksBuildPhase section */

/* Begin PBXGroup section */
		984CEE3628425A4E002F49ED = {
			isa = PBXGroup;
			children = (
				984CEE4128425A4E002F49ED /* SecureMe */,
				984CEE5128425A50002F49ED /* SecureMeTests */,
				984CEE5B28425A51002F49ED /* SecureMeUITests */,
				984CEE4028425A4E002F49ED /* Products */,
			);
			sourceTree = "<group>";
		};
		984CEE4028425A4E002F49ED /* Products */ = {
			isa = PBXGroup;
			children = (
				984CEE3F28425A4E002F49ED /* SecureMe.app */,
				984CEE4E28425A50002F49ED /* SecureMeTests.xctest */,
				984CEE5828425A51002F49ED /* SecureMeUITests.xctest */,
			);
			name = Products;
			sourceTree = "<group>";
		};
		984CEE4128425A4E002F49ED /* SecureMe */ = {
			isa = PBXGroup;
			children = (
				984CEE6B28425AD9002F49ED /* Camera */,
				984CEE4228425A4E002F49ED /* AppDelegate.swift */,
				984CEE4428425A50002F49ED /* Assets.xcassets */,
				984CEE4628425A50002F49ED /* MainMenu.xib */,
				984CEE702842E7DB002F49ED /* Info.plist */,
				984CEE4928425A50002F49ED /* SecureMe.entitlements */,
			);
			path = SecureMe;
			sourceTree = "<group>";
		};
		984CEE5128425A50002F49ED /* SecureMeTests */ = {
			isa = PBXGroup;
			children = (
				984CEE5228425A50002F49ED /* SecureMeTests.swift */,
			);
			path = SecureMeTests;
			sourceTree = "<group>";
		};
		984CEE5B28425A51002F49ED /* SecureMeUITests */ = {
			isa = PBXGroup;
			children = (
				984CEE5C28425A51002F49ED /* SecureMeUITests.swift */,
				984CEE5E28425A51002F49ED /* SecureMeUITestsLaunchTests.swift */,
			);
			path = SecureMeUITests;
			sourceTree = "<group>";
		};
		984CEE6B28425AD9002F49ED /* Camera */ = {
			isa = PBXGroup;
			children = (
				984CEE6C28425B21002F49ED /* CameraViewController.swift */,
				984CEE6D28425B21002F49ED /* CameraViewController.xib */,
			);
			path = Camera;
			sourceTree = "<group>";
		};
/* End PBXGroup section */

/* Begin PBXNativeTarget section */
		984CEE3E28425A4E002F49ED /* SecureMe */ = {
			isa = PBXNativeTarget;
			buildConfigurationList = 984CEE6228425A51002F49ED /* Build configuration list for PBXNativeTarget "SecureMe" */;
			buildPhases = (
				984CEE3B28425A4E002F49ED /* Sources */,
				984CEE3C28425A4E002F49ED /* Frameworks */,
				984CEE3D28425A4E002F49ED /* Resources */,
			);
			buildRules = (
			);
			dependencies = (
			);
			name = SecureMe;
			productName = SecureMe;
			productReference = 984CEE3F28425A4E002F49ED /* SecureMe.app */;
			productType = "com.apple.product-type.application";
		};
		984CEE4D28425A50002F49ED /* SecureMeTests */ = {
			isa = PBXNativeTarget;
			buildConfigurationList = 984CEE6528425A51002F49ED /* Build configuration list for PBXNativeTarget "SecureMeTests" */;
			buildPhases = (
				984CEE4A28425A50002F49ED /* Sources */,
				984CEE4B28425A50002F49ED /* Frameworks */,
				984CEE4C28425A50002F49ED /* Resources */,
			);
			buildRules = (
			);
			dependencies = (
				984CEE5028425A50002F49ED /* PBXTargetDependency */,
			);
			name = SecureMeTests;
			productName = SecureMeTests;
			productReference = 984CEE4E28425A50002F49ED /* SecureMeTests.xctest */;
			productType = "com.apple.product-type.bundle.unit-test";
		};
		984CEE5728425A51002F49ED /* SecureMeUITests */ = {
			isa = PBXNativeTarget;
			buildConfigurationList = 984CEE6828425A51002F49ED /* Build configuration list for PBXNativeTarget "SecureMeUITests" */;
			buildPhases = (
				984CEE5428425A51002F49ED /* Sources */,
				984CEE5528425A51002F49ED /* Frameworks */,
				984CEE5628425A51002F49ED /* Resources */,
			);
			buildRules = (
			);
			dependencies = (
				984CEE5A28425A51002F49ED /* PBXTargetDependency */,
			);
			name = SecureMeUITests;
			productName = SecureMeUITests;
			productReference = 984CEE5828425A51002F49ED /* SecureMeUITests.xctest */;
			productType = "com.apple.product-type.bundle.ui-testing";
		};
/* End PBXNativeTarget section */

/* Begin PBXProject section */
		984CEE3728425A4E002F49ED /* Project object */ = {
			isa = PBXProject;
			attributes = {
				BuildIndependentTargetsInParallel = 1;
				LastSwiftUpdateCheck = 1320;
				LastUpgradeCheck = 1320;
				TargetAttributes = {
					984CEE3E28425A4E002F49ED = {
						CreatedOnToolsVersion = 13.2.1;
					};
					984CEE4D28425A50002F49ED = {
						CreatedOnToolsVersion = 13.2.1;
						TestTargetID = 984CEE3E28425A4E002F49ED;
					};
					984CEE5728425A51002F49ED = {
						CreatedOnToolsVersion = 13.2.1;
						TestTargetID = 984CEE3E28425A4E002F49ED;
					};
				};
			};
			buildConfigurationList = 984CEE3A28425A4E002F49ED /* Build configuration list for PBXProject "SecureMe" */;
			compatibilityVersion = "Xcode 13.0";
			developmentRegion = en;
			hasScannedForEncodings = 0;
			knownRegions = (
				en,
				Base,
			);
			mainGroup = 984CEE3628425A4E002F49ED;
			productRefGroup = 984CEE4028425A4E002F49ED /* Products */;
			projectDirPath = "";
			projectRoot = "";
			targets = (
				984CEE3E28425A4E002F49ED /* SecureMe */,
				984CEE4D28425A50002F49ED /* SecureMeTests */,
				984CEE5728425A51002F49ED /* SecureMeUITests */,
			);
		};
/* End PBXProject section */

/* Begin PBXResourcesBuildPhase section */
		984CEE3D28425A4E002F49ED /* Resources */ = {
			isa = PBXResourcesBuildPhase;
			buildActionMask = 2147483647;
			files = (
				984CEE712842E86E002F49ED /* Info.plist in Resources */,
				984CEE6F28425B21002F49ED /* CameraViewController.xib in Resources */,
				984CEE4528425A50002F49ED /* Assets.xcassets in Resources */,
				984CEE4828425A50002F49ED /* MainMenu.xib in Resources */,
			);
			runOnlyForDeploymentPostprocessing = 0;
		};
		984CEE4C28425A50002F49ED /* Resources */ = {
			isa = PBXResourcesBuildPhase;
			buildActionMask = 2147483647;
			files = (
			);
			runOnlyForDeploymentPostprocessing = 0;
		};
		984CEE5628425A51002F49ED /* Resources */ = {
			isa = PBXResourcesBuildPhase;
			buildActionMask = 2147483647;
			files = (
			);
			runOnlyForDeploymentPostprocessing = 0;
		};
/* End PBXResourcesBuildPhase section */

/* Begin PBXSourcesBuildPhase section */
		984CEE3B28425A4E002F49ED /* Sources */ = {
			isa = PBXSourcesBuildPhase;
			buildActionMask = 2147483647;
			files = (
				984CEE4328425A4E002F49ED /* AppDelegate.swift in Sources */,
				984CEE6E28425B21002F49ED /* CameraViewController.swift in Sources */,
			);
			runOnlyForDeploymentPostprocessing = 0;
		};
		984CEE4A28425A50002F49ED /* Sources */ = {
			isa = PBXSourcesBuildPhase;
			buildActionMask = 2147483647;
			files = (
				984CEE5328425A50002F49ED /* SecureMeTests.swift in Sources */,
			);
			runOnlyForDeploymentPostprocessing = 0;
		};
		984CEE5428425A51002F49ED /* Sources */ = {
			isa = PBXSourcesBuildPhase;
			buildActionMask = 2147483647;
			files = (
				984CEE5F28425A51002F49ED /* SecureMeUITestsLaunchTests.swift in Sources */,
				984CEE5D28425A51002F49ED /* SecureMeUITests.swift in Sources */,
			);
			runOnlyForDeploymentPostprocessing = 0;
		};
/* End PBXSourcesBuildPhase section */

/* Begin PBXTargetDependency section */
		984CEE5028425A50002F49ED /* PBXTargetDependency */ = {
			isa = PBXTargetDependency;
			target = 984CEE3E28425A4E002F49ED /* SecureMe */;
			targetProxy = 984CEE4F28425A50002F49ED /* PBXContainerItemProxy */;
		};
		984CEE5A28425A51002F49ED /* PBXTargetDependency */ = {
			isa = PBXTargetDependency;
			target = 984CEE3E28425A4E002F49ED /* SecureMe */;
			targetProxy = 984CEE5928425A51002F49ED /* PBXContainerItemProxy */;
		};
/* End PBXTargetDependency section */

/* Begin PBXVariantGroup section */
		984CEE4628425A50002F49ED /* MainMenu.xib */ = {
			isa = PBXVariantGroup;
			children = (
				984CEE4728425A50002F49ED /* Base */,
			);
			name = MainMenu.xib;
			sourceTree = "<group>";
		};
/* End PBXVariantGroup section */

/* Begin XCBuildConfiguration section */
		984CEE6028425A51002F49ED /* Debug */ = {
			isa = XCBuildConfiguration;
			buildSettings = {
				ALWAYS_SEARCH_USER_PATHS = NO;
				CLANG_ANALYZER_NONNULL = YES;
				CLANG_ANALYZER_NUMBER_OBJECT_CONVERSION = YES_AGGRESSIVE;
				CLANG_CXX_LANGUAGE_STANDARD = "gnu++17";
				CLANG_CXX_LIBRARY = "libc++";
				CLANG_ENABLE_MODULES = YES;
				CLANG_ENABLE_OBJC_ARC = YES;
				CLANG_ENABLE_OBJC_WEAK = YES;
				CLANG_WARN_BLOCK_CAPTURE_AUTORELEASING = YES;
				CLANG_WARN_BOOL_CONVERSION = YES;
				CLANG_WARN_COMMA = YES;
				CLANG_WARN_CONSTANT_CONVERSION = YES;
				CLANG_WARN_DEPRECATED_OBJC_IMPLEMENTATIONS = YES;
				CLANG_WARN_DIRECT_OBJC_ISA_USAGE = YES_ERROR;
				CLANG_WARN_DOCUMENTATION_COMMENTS = YES;
				CLANG_WARN_EMPTY_BODY = YES;
				CLANG_WARN_ENUM_CONVERSION = YES;
				CLANG_WARN_INFINITE_RECURSION = YES;
				CLANG_WARN_INT_CONVERSION = YES;
				CLANG_WARN_NON_LITERAL_NULL_CONVERSION = YES;
				CLANG_WARN_OBJC_IMPLICIT_RETAIN_SELF = YES;
				CLANG_WARN_OBJC_LITERAL_CONVERSION = YES;
				CLANG_WARN_OBJC_ROOT_CLASS = YES_ERROR;
				CLANG_WARN_QUOTED_INCLUDE_IN_FRAMEWORK_HEADER = YES;
				CLANG_WARN_RANGE_LOOP_ANALYSIS = YES;
				CLANG_WARN_STRICT_PROTOTYPES = YES;
				CLANG_WARN_SUSPICIOUS_MOVE = YES;
				CLANG_WARN_UNGUARDED_AVAILABILITY = YES_AGGRESSIVE;
				CLANG_WARN_UNREACHABLE_CODE = YES;
				CLANG_WARN__DUPLICATE_METHOD_MATCH = YES;
				COPY_PHASE_STRIP = NO;
				DEBUG_INFORMATION_FORMAT = dwarf;
				ENABLE_STRICT_OBJC_MSGSEND = YES;
				ENABLE_TESTABILITY = YES;
				GCC_C_LANGUAGE_STANDARD = gnu11;
				GCC_DYNAMIC_NO_PIC = NO;
				GCC_NO_COMMON_BLOCKS = YES;
				GCC_OPTIMIZATION_LEVEL = 0;
				GCC_PREPROCESSOR_DEFINITIONS = (
					"DEBUG=1",
					"$(inherited)",
				);
				GCC_WARN_64_TO_32_BIT_CONVERSION = YES;
				GCC_WARN_ABOUT_RETURN_TYPE = YES_ERROR;
				GCC_WARN_UNDECLARED_SELECTOR = YES;
				GCC_WARN_UNINITIALIZED_AUTOS = YES_AGGRESSIVE;
				GCC_WARN_UNUSED_FUNCTION = YES;
				GCC_WARN_UNUSED_VARIABLE = YES;
				MACOSX_DEPLOYMENT_TARGET = 12.1;
				MTL_ENABLE_DEBUG_INFO = INCLUDE_SOURCE;
				MTL_FAST_MATH = YES;
				ONLY_ACTIVE_ARCH = YES;
				SDKROOT = macosx;
				SWIFT_ACTIVE_COMPILATION_CONDITIONS = DEBUG;
				SWIFT_OPTIMIZATION_LEVEL = "-Onone";
			};
			name = Debug;
		};
		984CEE6128425A51002F49ED /* Release */ = {
			isa = XCBuildConfiguration;
			buildSettings = {
				ALWAYS_SEARCH_USER_PATHS = NO;
				CLANG_ANALYZER_NONNULL = YES;
				CLANG_ANALYZER_NUMBER_OBJECT_CONVERSION = YES_AGGRESSIVE;
				CLANG_CXX_LANGUAGE_STANDARD = "gnu++17";
				CLANG_CXX_LIBRARY = "libc++";
				CLANG_ENABLE_MODULES = YES;
				CLANG_ENABLE_OBJC_ARC = YES;
				CLANG_ENABLE_OBJC_WEAK = YES;
				CLANG_WARN_BLOCK_CAPTURE_AUTORELEASING = YES;
				CLANG_WARN_BOOL_CONVERSION = YES;
				CLANG_WARN_COMMA = YES;
				CLANG_WARN_CONSTANT_CONVERSION = YES;
				CLANG_WARN_DEPRECATED_OBJC_IMPLEMENTATIONS = YES;
				CLANG_WARN_DIRECT_OBJC_ISA_USAGE = YES_ERROR;
				CLANG_WARN_DOCUMENTATION_COMMENTS = YES;
				CLANG_WARN_EMPTY_BODY = YES;
				CLANG_WARN_ENUM_CONVERSION = YES;
				CLANG_WARN_INFINITE_RECURSION = YES;
				CLANG_WARN_INT_CONVERSION = YES;
				CLANG_WARN_NON_LITERAL_NULL_CONVERSION = YES;
				CLANG_WARN_OBJC_IMPLICIT_RETAIN_SELF = YES;
				CLANG_WARN_OBJC_LITERAL_CONVERSION = YES;
				CLANG_WARN_OBJC_ROOT_CLASS = YES_ERROR;
				CLANG_WARN_QUOTED_INCLUDE_IN_FRAMEWORK_HEADER = YES;
				CLANG_WARN_RANGE_LOOP_ANALYSIS = YES;
				CLANG_WARN_STRICT_PROTOTYPES = YES;
				CLANG_WARN_SUSPICIOUS_MOVE = YES;
				CLANG_WARN_UNGUARDED_AVAILABILITY = YES_AGGRESSIVE;
				CLANG_WARN_UNREACHABLE_CODE = YES;
				CLANG_WARN__DUPLICATE_METHOD_MATCH = YES;
				COPY_PHASE_STRIP = NO;
				DEBUG_INFORMATION_FORMAT = "dwarf-with-dsym";
				ENABLE_NS_ASSERTIONS = NO;
				ENABLE_STRICT_OBJC_MSGSEND = YES;
				GCC_C_LANGUAGE_STANDARD = gnu11;
				GCC_NO_COMMON_BLOCKS = YES;
				GCC_WARN_64_TO_32_BIT_CONVERSION = YES;
				GCC_WARN_ABOUT_RETURN_TYPE = YES_ERROR;
				GCC_WARN_UNDECLARED_SELECTOR = YES;
				GCC_WARN_UNINITIALIZED_AUTOS = YES_AGGRESSIVE;
				GCC_WARN_UNUSED_FUNCTION = YES;
				GCC_WARN_UNUSED_VARIABLE = YES;
				MACOSX_DEPLOYMENT_TARGET = 12.1;
				MTL_ENABLE_DEBUG_INFO = NO;
				MTL_FAST_MATH = YES;
				SDKROOT = macosx;
				SWIFT_COMPILATION_MODE = wholemodule;
				SWIFT_OPTIMIZATION_LEVEL = "-O";
			};
			name = Release;
		};
		984CEE6328425A51002F49ED /* Debug */ = {
			isa = XCBuildConfiguration;
			buildSettings = {
				ASSETCATALOG_COMPILER_APPICON_NAME = AppIcon;
				ASSETCATALOG_COMPILER_GLOBAL_ACCENT_COLOR_NAME = AccentColor;
				CODE_SIGN_ENTITLEMENTS = SecureMe/SecureMe.entitlements;
				CODE_SIGN_STYLE = Automatic;
				COMBINE_HIDPI_IMAGES = YES;
				CURRENT_PROJECT_VERSION = 1;
				DEVELOPMENT_TEAM = VMYY6P56LS;
				ENABLE_HARDENED_RUNTIME = YES;
				GENERATE_INFOPLIST_FILE = YES;
				INFOPLIST_FILE = SecureMe/Info.plist;
				INFOPLIST_KEY_NSHumanReadableCopyright = "";
				INFOPLIST_KEY_NSMainNibFile = MainMenu;
				INFOPLIST_KEY_NSPrincipalClass = NSApplication;
				LD_RUNPATH_SEARCH_PATHS = (
					"$(inherited)",
					"@executable_path/../Frameworks",
				);
				MARKETING_VERSION = 1.0;
				PRODUCT_BUNDLE_IDENTIFIER = com.gayashan.SecureMe;
				PRODUCT_NAME = "$(TARGET_NAME)";
				SWIFT_EMIT_LOC_STRINGS = YES;
				SWIFT_VERSION = 5.0;
			};
			name = Debug;
		};
		984CEE6428425A51002F49ED /* Release */ = {
			isa = XCBuildConfiguration;
			buildSettings = {
				ASSETCATALOG_COMPILER_APPICON_NAME = AppIcon;
				ASSETCATALOG_COMPILER_GLOBAL_ACCENT_COLOR_NAME = AccentColor;
				CODE_SIGN_ENTITLEMENTS = SecureMe/SecureMe.entitlements;
				CODE_SIGN_STYLE = Automatic;
				COMBINE_HIDPI_IMAGES = YES;
				CURRENT_PROJECT_VERSION = 1;
				DEVELOPMENT_TEAM = VMYY6P56LS;
				ENABLE_HARDENED_RUNTIME = YES;
				GENERATE_INFOPLIST_FILE = YES;
				INFOPLIST_FILE = SecureMe/Info.plist;
				INFOPLIST_KEY_NSHumanReadableCopyright = "";
				INFOPLIST_KEY_NSMainNibFile = MainMenu;
				INFOPLIST_KEY_NSPrincipalClass = NSApplication;
				LD_RUNPATH_SEARCH_PATHS = (
					"$(inherited)",
					"@executable_path/../Frameworks",
				);
				MARKETING_VERSION = 1.0;
				PRODUCT_BUNDLE_IDENTIFIER = com.gayashan.SecureMe;
				PRODUCT_NAME = "$(TARGET_NAME)";
				SWIFT_EMIT_LOC_STRINGS = YES;
				SWIFT_VERSION = 5.0;
			};
			name = Release;
		};
		984CEE6628425A51002F49ED /* Debug */ = {
			isa = XCBuildConfiguration;
			buildSettings = {
				ALWAYS_EMBED_SWIFT_STANDARD_LIBRARIES = YES;
				BUNDLE_LOADER = "$(TEST_HOST)";
				CODE_SIGN_STYLE = Automatic;
				CURRENT_PROJECT_VERSION = 1;
				DEVELOPMENT_TEAM = VMYY6P56LS;
				GENERATE_INFOPLIST_FILE = YES;
				MACOSX_DEPLOYMENT_TARGET = 12.1;
				MARKETING_VERSION = 1.0;
				PRODUCT_BUNDLE_IDENTIFIER = com.gayashan.SecureMeTests;
				PRODUCT_NAME = "$(TARGET_NAME)";
				SWIFT_EMIT_LOC_STRINGS = NO;
				SWIFT_VERSION = 5.0;
				TEST_HOST = "$(BUILT_PRODUCTS_DIR)/SecureMe.app/Contents/MacOS/SecureMe";
			};
			name = Debug;
		};
		984CEE6728425A51002F49ED /* Release */ = {
			isa = XCBuildConfiguration;
			buildSettings = {
				ALWAYS_EMBED_SWIFT_STANDARD_LIBRARIES = YES;
				BUNDLE_LOADER = "$(TEST_HOST)";
				CODE_SIGN_STYLE = Automatic;
				CURRENT_PROJECT_VERSION = 1;
				DEVELOPMENT_TEAM = VMYY6P56LS;
				GENERATE_INFOPLIST_FILE = YES;
				MACOSX_DEPLOYMENT_TARGET = 12.1;
				MARKETING_VERSION = 1.0;
				PRODUCT_BUNDLE_IDENTIFIER = com.gayashan.SecureMeTests;
				PRODUCT_NAME = "$(TARGET_NAME)";
				SWIFT_EMIT_LOC_STRINGS = NO;
				SWIFT_VERSION = 5.0;
				TEST_HOST = "$(BUILT_PRODUCTS_DIR)/SecureMe.app/Contents/MacOS/SecureMe";
			};
			name = Release;
		};
		984CEE6928425A51002F49ED /* Debug */ = {
			isa = XCBuildConfiguration;
			buildSettings = {
				ALWAYS_EMBED_SWIFT_STANDARD_LIBRARIES = YES;
				CODE_SIGN_STYLE = Automatic;
				CURRENT_PROJECT_VERSION = 1;
				DEVELOPMENT_TEAM = VMYY6P56LS;
				GENERATE_INFOPLIST_FILE = YES;
				MARKETING_VERSION = 1.0;
				PRODUCT_BUNDLE_IDENTIFIER = com.gayashan.SecureMeUITests;
				PRODUCT_NAME = "$(TARGET_NAME)";
				SWIFT_EMIT_LOC_STRINGS = NO;
				SWIFT_VERSION = 5.0;
				TEST_TARGET_NAME = SecureMe;
			};
			name = Debug;
		};
		984CEE6A28425A51002F49ED /* Release */ = {
			isa = XCBuildConfiguration;
			buildSettings = {
				ALWAYS_EMBED_SWIFT_STANDARD_LIBRARIES = YES;
				CODE_SIGN_STYLE = Automatic;
				CURRENT_PROJECT_VERSION = 1;
				DEVELOPMENT_TEAM = VMYY6P56LS;
				GENERATE_INFOPLIST_FILE = YES;
				MARKETING_VERSION = 1.0;
				PRODUCT_BUNDLE_IDENTIFIER = com.gayashan.SecureMeUITests;
				PRODUCT_NAME = "$(TARGET_NAME)";
				SWIFT_EMIT_LOC_STRINGS = NO;
				SWIFT_VERSION = 5.0;
				TEST_TARGET_NAME = SecureMe;
			};
			name = Release;
		};
/* End XCBuildConfiguration section */

/* Begin XCConfigurationList section */
		984CEE3A28425A4E002F49ED /* Build configuration list for PBXProject "SecureMe" */ = {
			isa = XCConfigurationList;
			buildConfigurations = (
				984CEE6028425A51002F49ED /* Debug */,
				984CEE6128425A51002F49ED /* Release */,
			);
			defaultConfigurationIsVisible = 0;
			defaultConfigurationName = Release;
		};
		984CEE6228425A51002F49ED /* Build configuration list for PBXNativeTarget "SecureMe" */ = {
			isa = XCConfigurationList;
			buildConfigurations = (
				984CEE6328425A51002F49ED /* Debug */,
				984CEE6428425A51002F49ED /* Release */,
			);
			defaultConfigurationIsVisible = 0;
			defaultConfigurationName = Release;
		};
		984CEE6528425A51002F49ED /* Build configuration list for PBXNativeTarget "SecureMeTests" */ = {
			isa = XCConfigurationList;
			buildConfigurations = (
				984CEE6628425A51002F49ED /* Debug */,
				984CEE6728425A51002F49ED /* Release */,
			);
			defaultConfigurationIsVisible = 0;
			defaultConfigurationName = Release;
		};
		984CEE6828425A51002F49ED /* Build configuration list for PBXNativeTarget "SecureMeUITests" */ = {
			isa = XCConfigurationList;
			buildConfigurations = (
				984CEE6928425A51002F49ED /* Debug */,
				984CEE6A28425A51002F49ED /* Release */,
			);
			defaultConfigurationIsVisible = 0;
			defaultConfigurationName = Release;
		};
/* End XCConfigurationList section */
	};
	rootObject = 984CEE3728425A4E002F49ED /* Project object */;
}
